
Microsoft Visual Studio Solution File, Format Version 12.00
# Visual Studio 15
VisualStudioVersion = 15.0.26124.0
MinimumVisualStudioVersion = 15.0.26124.0
Project("{2150E333-8FDC-42A3-9474-1A3956D46DE8}") = "src", "src", "{0A1F255E-31F0-48B4-B841-364113C88374}"
EndProject
Project("{FAE04EC0-301F-11D3-BF4B-00C04F79EFBC}") = "ProblemDetailsDemo", "src\ProblemDetailsDemo\ProblemDetailsDemo.csproj", "{857A511E-4E3D-451B-9B09-0F681084AD69}"
EndProject
Global
	GlobalSection(SolutionConfigurationPlatforms) = preSolution
		Debug|Any CPU = Debug|Any CPU
		Debug|x64 = Debug|x64
		Debug|x86 = Debug|x86
		Release|Any CPU = Release|Any CPU
		Release|x64 = Release|x64
		Release|x86 = Release|x86
	EndGlobalSection
	GlobalSection(SolutionProperties) = preSolution
		HideSolutionNode = FALSE
	EndGlobalSection
	GlobalSection(ProjectConfigurationPlatforms) = postSolution
		{857A511E-4E3D-451B-9B09-0F681084AD69}.Debug|Any CPU.ActiveCfg = Debug|Any CPU
		{857A511E-4E3D-451B-9B09-0F681084AD69}.Debug|Any CPU.Build.0 = Debug|Any CPU
		{857A511E-4E3D-451B-9B09-0F681084AD69}.Debug|x64.ActiveCfg = Debug|Any CPU
		{857A511E-4E3D-451B-9B09-0F681084AD69}.Debug|x64.Build.0 = Debug|Any CPU
		{857A511E-4E3D-451B-9B09-0F681084AD69}.Debug|x86.ActiveCfg = Debug|Any CPU
		{857A511E-4E3D-451B-9B09-0F681084AD69}.Debug|x86.Build.0 = Debug|Any CPU
		{857A511E-4E3D-451B-9B09-0F681084AD69}.Release|Any CPU.ActiveCfg = Release|Any CPU
		{857A511E-4E3D-451B-9B09-0F681084AD69}.Release|Any CPU.Build.0 = Release|Any CPU
		{857A511E-4E3D-451B-9B09-0F681084AD69}.Release|x64.ActiveCfg = Release|Any CPU
		{857A511E-4E3D-451B-9B09-0F681084AD69}.Release|x64.Build.0 = Release|Any CPU
		{857A511E-4E3D-451B-9B09-0F681084AD69}.Release|x86.ActiveCfg = Release|Any CPU
		{857A511E-4E3D-451B-9B09-0F681084AD69}.Release|x86.Build.0 = Release|Any CPU
	EndGlobalSection
	GlobalSection(NestedProjects) = preSolution
		{857A511E-4E3D-451B-9B09-0F681084AD69} = {0A1F255E-31F0-48B4-B841-364113C88374}
	EndGlobalSection
EndGlobal
